
Microsoft Visual Studio Solution File, Format Version 12.00
# Visual Studio Version 16
VisualStudioVersion = 16.0.29102.190
MinimumVisualStudioVersion = 10.0.40219.1
Project("{9A19103F-16F7-4668-BE54-9A1E7A4F7556}") = "EShop.Domain", "EShop.Domain\EShop.Domain.csproj", "{1151322C-05A9-4C30-88B1-46FF4E742569}"
EndProject
Project("{9A19103F-16F7-4668-BE54-9A1E7A4F7556}") = "EShop.DataAccess", "EShop.DataAccess\EShop.DataAccess.csproj", "{3868E29C-7277-46A1-9965-D07CDA1822D9}"
EndProject
Project("{9A19103F-16F7-4668-BE54-9A1E7A4F7556}") = "EShop.Application", "EShop.Application\EShop.Application.csproj", "{4AEA45CA-31DA-4318-A60A-CF44F848B676}"
EndProject
Project("{9A19103F-16F7-4668-BE54-9A1E7A4F7556}") = "EShop.Application.Tests", "EShop.Application.Tests\EShop.Application.Tests.csproj", "{0E9CC3C7-E0C3-4B7E-8987-DE7DE7BF3EC6}"
EndProject
Project("{FAE04EC0-301F-11D3-BF4B-00C04F79EFBC}") = "EShop.WebUI", "EShop.WebUI\EShop.WebUI.csproj", "{2981603C-5A61-4E01-9E14-9C287EF8355E}"
EndProject
Global
	GlobalSection(SolutionConfigurationPlatforms) = preSolution
		Debug|Any CPU = Debug|Any CPU
		Release|Any CPU = Release|Any CPU
	EndGlobalSection
	GlobalSection(ProjectConfigurationPlatforms) = postSolution
		{1151322C-05A9-4C30-88B1-46FF4E742569}.Debug|Any CPU.ActiveCfg = Debug|Any CPU
		{1151322C-05A9-4C30-88B1-46FF4E742569}.Debug|Any CPU.Build.0 = Debug|Any CPU
		{1151322C-05A9-4C30-88B1-46FF4E742569}.Release|Any CPU.ActiveCfg = Release|Any CPU
		{1151322C-05A9-4C30-88B1-46FF4E742569}.Release|Any CPU.Build.0 = Release|Any CPU
		{3868E29C-7277-46A1-9965-D07CDA1822D9}.Debug|Any CPU.ActiveCfg = Debug|Any CPU
		{3868E29C-7277-46A1-9965-D07CDA1822D9}.Debug|Any CPU.Build.0 = Debug|Any CPU
		{3868E29C-7277-46A1-9965-D07CDA1822D9}.Release|Any CPU.ActiveCfg = Release|Any CPU
		{3868E29C-7277-46A1-9965-D07CDA1822D9}.Release|Any CPU.Build.0 = Release|Any CPU
		{4AEA45CA-31DA-4318-A60A-CF44F848B676}.Debug|Any CPU.ActiveCfg = Debug|Any CPU
		{4AEA45CA-31DA-4318-A60A-CF44F848B676}.Debug|Any CPU.Build.0 = Debug|Any CPU
		{4AEA45CA-31DA-4318-A60A-CF44F848B676}.Release|Any CPU.ActiveCfg = Release|Any CPU
		{4AEA45CA-31DA-4318-A60A-CF44F848B676}.Release|Any CPU.Build.0 = Release|Any CPU
		{0E9CC3C7-E0C3-4B7E-8987-DE7DE7BF3EC6}.Debug|Any CPU.ActiveCfg = Debug|Any CPU
		{0E9CC3C7-E0C3-4B7E-8987-DE7DE7BF3EC6}.Debug|Any CPU.Build.0 = Debug|Any CPU
		{0E9CC3C7-E0C3-4B7E-8987-DE7DE7BF3EC6}.Release|Any CPU.ActiveCfg = Release|Any CPU
		{0E9CC3C7-E0C3-4B7E-8987-DE7DE7BF3EC6}.Release|Any CPU.Build.0 = Release|Any CPU
		{2981603C-5A61-4E01-9E14-9C287EF8355E}.Debug|Any CPU.ActiveCfg = Debug|Any CPU
		{2981603C-5A61-4E01-9E14-9C287EF8355E}.Debug|Any CPU.Build.0 = Debug|Any CPU
		{2981603C-5A61-4E01-9E14-9C287EF8355E}.Release|Any CPU.ActiveCfg = Release|Any CPU
		{2981603C-5A61-4E01-9E14-9C287EF8355E}.Release|Any CPU.Build.0 = Release|Any CPU
	EndGlobalSection
	GlobalSection(SolutionProperties) = preSolution
		HideSolutionNode = FALSE
	EndGlobalSection
	GlobalSection(ExtensibilityGlobals) = postSolution
		SolutionGuid = {DC423EF1-0EDA-40B3-BBAF-B3ACEAA7AA79}
	EndGlobalSection
EndGlobal
